
Microsoft Visual Studio Solution File, Format Version 12.00
# Visual Studio 2017
Project("{FAE04EC0-301F-11D3-BF4B-00C04F79EFBC}") = "MidtermGame", "MidtermGame.csproj", "{404F3748-64B5-C13F-8D16-6B6B762FEF7E}"
EndProject
Global
	GlobalSection(SolutionConfigurationPlatforms) = preSolution
		Debug|Any CPU = Debug|Any CPU
		Release|Any CPU = Release|Any CPU
	EndGlobalSection
	GlobalSection(ProjectConfigurationPlatforms) = postSolution
		{404F3748-64B5-C13F-8D16-6B6B762FEF7E}.Debug|Any CPU.ActiveCfg = Debug|Any CPU
		{404F3748-64B5-C13F-8D16-6B6B762FEF7E}.Debug|Any CPU.Build.0 = Debug|Any CPU
		{404F3748-64B5-C13F-8D16-6B6B762FEF7E}.Release|Any CPU.ActiveCfg = Release|Any CPU
		{404F3748-64B5-C13F-8D16-6B6B762FEF7E}.Release|Any CPU.Build.0 = Release|Any CPU
	EndGlobalSection
	GlobalSection(SolutionProperties) = preSolution
		HideSolutionNode = FALSE
	EndGlobalSection
EndGlobal
